
Microsoft Visual Studio Solution File, Format Version 12.00
# Visual Studio Version 17
VisualStudioVersion = 17.5.33516.290
MinimumVisualStudioVersion = 10.0.40219.1
Project("{9A19103F-16F7-4668-BE54-9A1E7A4F7556}") = "Week04", "Week04\Week04.csproj", "{C1777A9C-8AC0-41AF-A001-5705C62C3F57}"
EndProject
Project("{9A19103F-16F7-4668-BE54-9A1E7A4F7556}") = "Week05", "Week05\Week05.csproj", "{1A939BC3-BCF4-48DD-901F-D26328F91F6C}"
EndProject
Project("{9A19103F-16F7-4668-BE54-9A1E7A4F7556}") = "Week06", "Week06\Week06.csproj", "{6EBC148C-7080-45C7-9FCF-6913D99B63EE}"
EndProject
Project("{9A19103F-16F7-4668-BE54-9A1E7A4F7556}") = "Week07", "Week07\Week07.csproj", "{4CD21B77-16F5-4A0A-88F9-77059CDF11EC}"
EndProject
Project("{9A19103F-16F7-4668-BE54-9A1E7A4F7556}") = "TestAssembly", "TestAssembly\TestAssembly.csproj", "{091B5CA4-9A23-4790-A9E5-A2D9C0DAAFD5}"
EndProject
Project("{FAE04EC0-301F-11D3-BF4B-00C04F79EFBC}") = "Week10", "Week10\Week10.csproj", "{CEE73A5D-1D61-47BD-9D2B-EC265B07BF00}"
EndProject
Global
	GlobalSection(SolutionConfigurationPlatforms) = preSolution
		Debug|Any CPU = Debug|Any CPU
		Release|Any CPU = Release|Any CPU
	EndGlobalSection
	GlobalSection(ProjectConfigurationPlatforms) = postSolution
		{C1777A9C-8AC0-41AF-A001-5705C62C3F57}.Debug|Any CPU.ActiveCfg = Debug|Any CPU
		{C1777A9C-8AC0-41AF-A001-5705C62C3F57}.Debug|Any CPU.Build.0 = Debug|Any CPU
		{C1777A9C-8AC0-41AF-A001-5705C62C3F57}.Release|Any CPU.ActiveCfg = Release|Any CPU
		{C1777A9C-8AC0-41AF-A001-5705C62C3F57}.Release|Any CPU.Build.0 = Release|Any CPU
		{1A939BC3-BCF4-48DD-901F-D26328F91F6C}.Debug|Any CPU.ActiveCfg = Debug|Any CPU
		{1A939BC3-BCF4-48DD-901F-D26328F91F6C}.Debug|Any CPU.Build.0 = Debug|Any CPU
		{1A939BC3-BCF4-48DD-901F-D26328F91F6C}.Release|Any CPU.ActiveCfg = Release|Any CPU
		{1A939BC3-BCF4-48DD-901F-D26328F91F6C}.Release|Any CPU.Build.0 = Release|Any CPU
		{6EBC148C-7080-45C7-9FCF-6913D99B63EE}.Debug|Any CPU.ActiveCfg = Debug|Any CPU
		{6EBC148C-7080-45C7-9FCF-6913D99B63EE}.Debug|Any CPU.Build.0 = Debug|Any CPU
		{6EBC148C-7080-45C7-9FCF-6913D99B63EE}.Release|Any CPU.ActiveCfg = Release|Any CPU
		{6EBC148C-7080-45C7-9FCF-6913D99B63EE}.Release|Any CPU.Build.0 = Release|Any CPU
		{4CD21B77-16F5-4A0A-88F9-77059CDF11EC}.Debug|Any CPU.ActiveCfg = Debug|Any CPU
		{4CD21B77-16F5-4A0A-88F9-77059CDF11EC}.Debug|Any CPU.Build.0 = Debug|Any CPU
		{4CD21B77-16F5-4A0A-88F9-77059CDF11EC}.Release|Any CPU.ActiveCfg = Release|Any CPU
		{4CD21B77-16F5-4A0A-88F9-77059CDF11EC}.Release|Any CPU.Build.0 = Release|Any CPU
		{091B5CA4-9A23-4790-A9E5-A2D9C0DAAFD5}.Debug|Any CPU.ActiveCfg = Debug|Any CPU
		{091B5CA4-9A23-4790-A9E5-A2D9C0DAAFD5}.Debug|Any CPU.Build.0 = Debug|Any CPU
		{091B5CA4-9A23-4790-A9E5-A2D9C0DAAFD5}.Release|Any CPU.ActiveCfg = Release|Any CPU
		{091B5CA4-9A23-4790-A9E5-A2D9C0DAAFD5}.Release|Any CPU.Build.0 = Release|Any CPU
		{CEE73A5D-1D61-47BD-9D2B-EC265B07BF00}.Debug|Any CPU.ActiveCfg = Debug|Any CPU
		{CEE73A5D-1D61-47BD-9D2B-EC265B07BF00}.Debug|Any CPU.Build.0 = Debug|Any CPU
		{CEE73A5D-1D61-47BD-9D2B-EC265B07BF00}.Release|Any CPU.ActiveCfg = Release|Any CPU
		{CEE73A5D-1D61-47BD-9D2B-EC265B07BF00}.Release|Any CPU.Build.0 = Release|Any CPU
	EndGlobalSection
	GlobalSection(SolutionProperties) = preSolution
		HideSolutionNode = FALSE
	EndGlobalSection
	GlobalSection(ExtensibilityGlobals) = postSolution
		SolutionGuid = {524D050F-974A-4905-BD27-7DF91D02B013}
	EndGlobalSection
EndGlobal
